
Microsoft Visual Studio Solution File, Format Version 12.00
# Visual Studio Version 17
VisualStudioVersion = 17.5.33530.505
MinimumVisualStudioVersion = 10.0.40219.1
Project("{FAE04EC0-301F-11D3-BF4B-00C04F79EFBC}") = "Database_First", "Database_First\Database_First.csproj", "{412D4354-F930-47FD-8F5A-1A8EFE3DAEA0}"
EndProject
Project("{FAE04EC0-301F-11D3-BF4B-00C04F79EFBC}") = "Code_First", "Code_First\Code_First.csproj", "{1EAC2551-51FF-48D0-9D7C-39D90706AF48}"
EndProject
Project("{FAE04EC0-301F-11D3-BF4B-00C04F79EFBC}") = "Model_First", "Model_First\Model_First.csproj", "{46E120E2-4960-4525-87F5-4FC1D1635A6A}"
EndProject
Project("{2150E333-8FDC-42A3-9474-1A3956D46DE8}") = "Solution Items", "Solution Items", "{01C9865B-3A96-48DB-8B2A-9C76D91151F7}"
	ProjectSection(SolutionItems) = preProject
		Readme.md = Readme.md
	EndProjectSection
EndProject
Global
	GlobalSection(SolutionConfigurationPlatforms) = preSolution
		Debug|Any CPU = Debug|Any CPU
		Release|Any CPU = Release|Any CPU
	EndGlobalSection
	GlobalSection(ProjectConfigurationPlatforms) = postSolution
		{412D4354-F930-47FD-8F5A-1A8EFE3DAEA0}.Debug|Any CPU.ActiveCfg = Debug|Any CPU
		{412D4354-F930-47FD-8F5A-1A8EFE3DAEA0}.Debug|Any CPU.Build.0 = Debug|Any CPU
		{412D4354-F930-47FD-8F5A-1A8EFE3DAEA0}.Release|Any CPU.ActiveCfg = Release|Any CPU
		{412D4354-F930-47FD-8F5A-1A8EFE3DAEA0}.Release|Any CPU.Build.0 = Release|Any CPU
		{1EAC2551-51FF-48D0-9D7C-39D90706AF48}.Debug|Any CPU.ActiveCfg = Debug|Any CPU
		{1EAC2551-51FF-48D0-9D7C-39D90706AF48}.Debug|Any CPU.Build.0 = Debug|Any CPU
		{1EAC2551-51FF-48D0-9D7C-39D90706AF48}.Release|Any CPU.ActiveCfg = Release|Any CPU
		{1EAC2551-51FF-48D0-9D7C-39D90706AF48}.Release|Any CPU.Build.0 = Release|Any CPU
		{46E120E2-4960-4525-87F5-4FC1D1635A6A}.Debug|Any CPU.ActiveCfg = Debug|Any CPU
		{46E120E2-4960-4525-87F5-4FC1D1635A6A}.Debug|Any CPU.Build.0 = Debug|Any CPU
		{46E120E2-4960-4525-87F5-4FC1D1635A6A}.Release|Any CPU.ActiveCfg = Release|Any CPU
		{46E120E2-4960-4525-87F5-4FC1D1635A6A}.Release|Any CPU.Build.0 = Release|Any CPU
	EndGlobalSection
	GlobalSection(SolutionProperties) = preSolution
		HideSolutionNode = FALSE
	EndGlobalSection
	GlobalSection(ExtensibilityGlobals) = postSolution
		SolutionGuid = {97DB1673-1EB0-4BDE-AE66-BDA40A48C06A}
	EndGlobalSection
EndGlobal
